
Microsoft Visual Studio Solution File, Format Version 12.00
Project("{F2A71F9B-5D33-465A-A702-920D77279786}") = "Dependencies", "Dependencies\Dependencies.fsproj", "{5B2D3A1C-2396-4982-A85E-03412A7E3457}"
EndProject
Project("{F2A71F9B-5D33-465A-A702-920D77279786}") = "Domain", "Domain\Domain.fsproj", "{543FB7F3-862D-4919-BEDA-997DE38A3C0D}"
EndProject
Project("{F2A71F9B-5D33-465A-A702-920D77279786}") = "Service", "Service\Service.fsproj", "{212E7423-1EC4-4FD6-B0A3-6DDDD5950F51}"
EndProject
Project("{F2A71F9B-5D33-465A-A702-920D77279786}") = "Tests", "Tests\Tests.fsproj", "{99B65509-8DDE-4678-BF3D-285160DAC767}"
EndProject
Global
	GlobalSection(SolutionConfigurationPlatforms) = preSolution
		Debug|Any CPU = Debug|Any CPU
		Release|Any CPU = Release|Any CPU
	EndGlobalSection
	GlobalSection(ProjectConfigurationPlatforms) = postSolution
		{5B2D3A1C-2396-4982-A85E-03412A7E3457}.Debug|Any CPU.ActiveCfg = Debug|Any CPU
		{5B2D3A1C-2396-4982-A85E-03412A7E3457}.Debug|Any CPU.Build.0 = Debug|Any CPU
		{5B2D3A1C-2396-4982-A85E-03412A7E3457}.Release|Any CPU.ActiveCfg = Release|Any CPU
		{5B2D3A1C-2396-4982-A85E-03412A7E3457}.Release|Any CPU.Build.0 = Release|Any CPU
		{543FB7F3-862D-4919-BEDA-997DE38A3C0D}.Debug|Any CPU.ActiveCfg = Debug|Any CPU
		{543FB7F3-862D-4919-BEDA-997DE38A3C0D}.Debug|Any CPU.Build.0 = Debug|Any CPU
		{543FB7F3-862D-4919-BEDA-997DE38A3C0D}.Release|Any CPU.ActiveCfg = Release|Any CPU
		{543FB7F3-862D-4919-BEDA-997DE38A3C0D}.Release|Any CPU.Build.0 = Release|Any CPU
		{212E7423-1EC4-4FD6-B0A3-6DDDD5950F51}.Debug|Any CPU.ActiveCfg = Debug|Any CPU
		{212E7423-1EC4-4FD6-B0A3-6DDDD5950F51}.Debug|Any CPU.Build.0 = Debug|Any CPU
		{212E7423-1EC4-4FD6-B0A3-6DDDD5950F51}.Release|Any CPU.ActiveCfg = Release|Any CPU
		{212E7423-1EC4-4FD6-B0A3-6DDDD5950F51}.Release|Any CPU.Build.0 = Release|Any CPU
		{99B65509-8DDE-4678-BF3D-285160DAC767}.Debug|Any CPU.ActiveCfg = Debug|Any CPU
		{99B65509-8DDE-4678-BF3D-285160DAC767}.Debug|Any CPU.Build.0 = Debug|Any CPU
		{99B65509-8DDE-4678-BF3D-285160DAC767}.Release|Any CPU.ActiveCfg = Release|Any CPU
		{99B65509-8DDE-4678-BF3D-285160DAC767}.Release|Any CPU.Build.0 = Release|Any CPU
	EndGlobalSection
EndGlobal
